
Microsoft Visual Studio Solution File, Format Version 12.00
# Visual Studio Version 17
VisualStudioVersion = 17.0.31903.59
MinimumVisualStudioVersion = 10.0.40219.1
Project("{FAE04EC0-301F-11D3-BF4B-00C04F79EFBC}") = "Frank.IdentityServer.Api", "Frank.IdentityServer.Api\Frank.IdentityServer.Api.csproj", "{70BBBA2F-3056-44DC-A858-4EB3842BFDD8}"
EndProject
Project("{FAE04EC0-301F-11D3-BF4B-00C04F79EFBC}") = "Frank.IdentityServer.Aspire.AppHost", "Frank.IdentityServer.Aspire.AppHost\Frank.IdentityServer.Aspire.AppHost.csproj", "{7223E8B4-390A-417C-8673-2FA317FCC0EC}"
EndProject
Project("{FAE04EC0-301F-11D3-BF4B-00C04F79EFBC}") = "Frank.IdentityServer.Aspire.ServiceDefaults", "Frank.IdentityServer.Aspire.ServiceDefaults\Frank.IdentityServer.Aspire.ServiceDefaults.csproj", "{5E4A3068-EE3D-41C1-90F1-AE85BA26AE38}"
EndProject
Project("{FAE04EC0-301F-11D3-BF4B-00C04F79EFBC}") = "Frank.IdentityServer.LoginApp", "Frank.IdentityServer.LoginApp\Frank.IdentityServer.LoginApp.csproj", "{B226399B-FA34-4326-99FA-17E9F685FFE5}"
EndProject
Project("{FAE04EC0-301F-11D3-BF4B-00C04F79EFBC}") = "Frank.IdentityServer.Clients.BlazorClientApp", "Frank.IdentityServer.Clients.BlazorClientApp\Frank.IdentityServer.Clients.BlazorClientApp.csproj", "{E02C6128-F4DE-4F80-8032-E49CF1324AB5}"
EndProject
Project("{FAE04EC0-301F-11D3-BF4B-00C04F79EFBC}") = "Frank.IdentityServer.Clients.MauiClientApp", "Frank.IdentityServer.Clients.MauiClientApp\Frank.IdentityServer.Clients.MauiClientApp.csproj", "{50986F2E-554B-4A6C-82D2-C28EC9D4DADF}"
EndProject
Global
	GlobalSection(SolutionConfigurationPlatforms) = preSolution
		Debug|Any CPU = Debug|Any CPU
		Release|Any CPU = Release|Any CPU
	EndGlobalSection
	GlobalSection(SolutionProperties) = preSolution
		HideSolutionNode = FALSE
	EndGlobalSection
	GlobalSection(ProjectConfigurationPlatforms) = postSolution
		{70BBBA2F-3056-44DC-A858-4EB3842BFDD8}.Debug|Any CPU.ActiveCfg = Debug|Any CPU
		{70BBBA2F-3056-44DC-A858-4EB3842BFDD8}.Debug|Any CPU.Build.0 = Debug|Any CPU
		{70BBBA2F-3056-44DC-A858-4EB3842BFDD8}.Release|Any CPU.ActiveCfg = Release|Any CPU
		{70BBBA2F-3056-44DC-A858-4EB3842BFDD8}.Release|Any CPU.Build.0 = Release|Any CPU
		{7223E8B4-390A-417C-8673-2FA317FCC0EC}.Debug|Any CPU.ActiveCfg = Debug|Any CPU
		{7223E8B4-390A-417C-8673-2FA317FCC0EC}.Debug|Any CPU.Build.0 = Debug|Any CPU
		{7223E8B4-390A-417C-8673-2FA317FCC0EC}.Release|Any CPU.ActiveCfg = Release|Any CPU
		{7223E8B4-390A-417C-8673-2FA317FCC0EC}.Release|Any CPU.Build.0 = Release|Any CPU
		{5E4A3068-EE3D-41C1-90F1-AE85BA26AE38}.Debug|Any CPU.ActiveCfg = Debug|Any CPU
		{5E4A3068-EE3D-41C1-90F1-AE85BA26AE38}.Debug|Any CPU.Build.0 = Debug|Any CPU
		{5E4A3068-EE3D-41C1-90F1-AE85BA26AE38}.Release|Any CPU.ActiveCfg = Release|Any CPU
		{5E4A3068-EE3D-41C1-90F1-AE85BA26AE38}.Release|Any CPU.Build.0 = Release|Any CPU
		{B226399B-FA34-4326-99FA-17E9F685FFE5}.Debug|Any CPU.ActiveCfg = Debug|Any CPU
		{B226399B-FA34-4326-99FA-17E9F685FFE5}.Debug|Any CPU.Build.0 = Debug|Any CPU
		{B226399B-FA34-4326-99FA-17E9F685FFE5}.Release|Any CPU.ActiveCfg = Release|Any CPU
		{B226399B-FA34-4326-99FA-17E9F685FFE5}.Release|Any CPU.Build.0 = Release|Any CPU
		{E02C6128-F4DE-4F80-8032-E49CF1324AB5}.Debug|Any CPU.ActiveCfg = Debug|Any CPU
		{E02C6128-F4DE-4F80-8032-E49CF1324AB5}.Debug|Any CPU.Build.0 = Debug|Any CPU
		{E02C6128-F4DE-4F80-8032-E49CF1324AB5}.Release|Any CPU.ActiveCfg = Release|Any CPU
		{E02C6128-F4DE-4F80-8032-E49CF1324AB5}.Release|Any CPU.Build.0 = Release|Any CPU
		{50986F2E-554B-4A6C-82D2-C28EC9D4DADF}.Debug|Any CPU.ActiveCfg = Debug|Any CPU
		{50986F2E-554B-4A6C-82D2-C28EC9D4DADF}.Debug|Any CPU.Build.0 = Debug|Any CPU
		{50986F2E-554B-4A6C-82D2-C28EC9D4DADF}.Release|Any CPU.ActiveCfg = Release|Any CPU
		{50986F2E-554B-4A6C-82D2-C28EC9D4DADF}.Release|Any CPU.Build.0 = Release|Any CPU
	EndGlobalSection
	GlobalSection(NestedProjects) = preSolution
	EndGlobalSection
EndGlobal
